
Microsoft Visual Studio Solution File, Format Version 12.00
# Visual Studio 15
VisualStudioVersion = 15.0.28010.2041
MinimumVisualStudioVersion = 10.0.40219.1
Project("{FAE04EC0-301F-11D3-BF4B-00C04F79EFBC}") = "PlutoDatabaseFirst", "PlutoDatabaseFirst\PlutoDatabaseFirst.csproj", "{F838F644-E8B4-4C23-B74C-E7DE5710D344}"
EndProject
Project("{FAE04EC0-301F-11D3-BF4B-00C04F79EFBC}") = "VidzyDatabaseFirst", "VidzyDatabaseFirst\VidzyDatabaseFirst.csproj", "{FBEE77EE-C570-4412-B71C-4CD1808494C4}"
EndProject
Project("{FAE04EC0-301F-11D3-BF4B-00C04F79EFBC}") = "PlutoCodeFirst", "PlutoCodeFirst\PlutoCodeFirst.csproj", "{3C42D773-699B-4FEF-A7BA-887B57172225}"
EndProject
Project("{FAE04EC0-301F-11D3-BF4B-00C04F79EFBC}") = "VidzyCodeFirst", "VidzyCodeFirst\VidzyCodeFirst.csproj", "{06B4CF4A-E994-4B22-AA5B-9F25C5C9BDE8}"
EndProject
Project("{FAE04EC0-301F-11D3-BF4B-00C04F79EFBC}") = "PlutoDataAnnotations", "PlutoDataAnnotations\PlutoDataAnnotations.csproj", "{DBA7E541-7A1E-4C42-BD43-606A4F64AC26}"
EndProject
Project("{FAE04EC0-301F-11D3-BF4B-00C04F79EFBC}") = "VidzyDataAnnotations", "VidzyDataAnnotations\VidzyDataAnnotations.csproj", "{73865050-4C87-4E99-B0FB-C9445680C739}"
EndProject
Global
	GlobalSection(SolutionConfigurationPlatforms) = preSolution
		Debug|Any CPU = Debug|Any CPU
		Release|Any CPU = Release|Any CPU
	EndGlobalSection
	GlobalSection(ProjectConfigurationPlatforms) = postSolution
		{F838F644-E8B4-4C23-B74C-E7DE5710D344}.Debug|Any CPU.ActiveCfg = Debug|Any CPU
		{F838F644-E8B4-4C23-B74C-E7DE5710D344}.Debug|Any CPU.Build.0 = Debug|Any CPU
		{F838F644-E8B4-4C23-B74C-E7DE5710D344}.Release|Any CPU.ActiveCfg = Release|Any CPU
		{F838F644-E8B4-4C23-B74C-E7DE5710D344}.Release|Any CPU.Build.0 = Release|Any CPU
		{FBEE77EE-C570-4412-B71C-4CD1808494C4}.Debug|Any CPU.ActiveCfg = Debug|Any CPU
		{FBEE77EE-C570-4412-B71C-4CD1808494C4}.Debug|Any CPU.Build.0 = Debug|Any CPU
		{FBEE77EE-C570-4412-B71C-4CD1808494C4}.Release|Any CPU.ActiveCfg = Release|Any CPU
		{FBEE77EE-C570-4412-B71C-4CD1808494C4}.Release|Any CPU.Build.0 = Release|Any CPU
		{3C42D773-699B-4FEF-A7BA-887B57172225}.Debug|Any CPU.ActiveCfg = Debug|Any CPU
		{3C42D773-699B-4FEF-A7BA-887B57172225}.Debug|Any CPU.Build.0 = Debug|Any CPU
		{3C42D773-699B-4FEF-A7BA-887B57172225}.Release|Any CPU.ActiveCfg = Release|Any CPU
		{3C42D773-699B-4FEF-A7BA-887B57172225}.Release|Any CPU.Build.0 = Release|Any CPU
		{06B4CF4A-E994-4B22-AA5B-9F25C5C9BDE8}.Debug|Any CPU.ActiveCfg = Debug|Any CPU
		{06B4CF4A-E994-4B22-AA5B-9F25C5C9BDE8}.Debug|Any CPU.Build.0 = Debug|Any CPU
		{06B4CF4A-E994-4B22-AA5B-9F25C5C9BDE8}.Release|Any CPU.ActiveCfg = Release|Any CPU
		{06B4CF4A-E994-4B22-AA5B-9F25C5C9BDE8}.Release|Any CPU.Build.0 = Release|Any CPU
		{DBA7E541-7A1E-4C42-BD43-606A4F64AC26}.Debug|Any CPU.ActiveCfg = Debug|Any CPU
		{DBA7E541-7A1E-4C42-BD43-606A4F64AC26}.Debug|Any CPU.Build.0 = Debug|Any CPU
		{DBA7E541-7A1E-4C42-BD43-606A4F64AC26}.Release|Any CPU.ActiveCfg = Release|Any CPU
		{DBA7E541-7A1E-4C42-BD43-606A4F64AC26}.Release|Any CPU.Build.0 = Release|Any CPU
		{73865050-4C87-4E99-B0FB-C9445680C739}.Debug|Any CPU.ActiveCfg = Debug|Any CPU
		{73865050-4C87-4E99-B0FB-C9445680C739}.Debug|Any CPU.Build.0 = Debug|Any CPU
		{73865050-4C87-4E99-B0FB-C9445680C739}.Release|Any CPU.ActiveCfg = Release|Any CPU
		{73865050-4C87-4E99-B0FB-C9445680C739}.Release|Any CPU.Build.0 = Release|Any CPU
	EndGlobalSection
	GlobalSection(SolutionProperties) = preSolution
		HideSolutionNode = FALSE
	EndGlobalSection
	GlobalSection(ExtensibilityGlobals) = postSolution
		SolutionGuid = {5EE82C70-3D3E-42B7-8871-42AA6E7FAEDD}
	EndGlobalSection
EndGlobal
